
Microsoft Visual Studio Solution File, Format Version 12.00
# Visual Studio Version 17
VisualStudioVersion = 17.2.32630.192
MinimumVisualStudioVersion = 10.0.40219.1
Project("{FAE04EC0-301F-11D3-BF4B-00C04F79EFBC}") = "GreatMed", "GreatMed.csproj", "{3D137DB7-ED17-4D53-AAE3-0AF27FBE726F}"
EndProject
Global
	GlobalSection(SolutionConfigurationPlatforms) = preSolution
		Debug|Any CPU = Debug|Any CPU
		Release|Any CPU = Release|Any CPU
	EndGlobalSection
	GlobalSection(ProjectConfigurationPlatforms) = postSolution
		{3D137DB7-ED17-4D53-AAE3-0AF27FBE726F}.Debug|Any CPU.ActiveCfg = Debug|Any CPU
		{3D137DB7-ED17-4D53-AAE3-0AF27FBE726F}.Debug|Any CPU.Build.0 = Debug|Any CPU
		{3D137DB7-ED17-4D53-AAE3-0AF27FBE726F}.Release|Any CPU.ActiveCfg = Release|Any CPU
		{3D137DB7-ED17-4D53-AAE3-0AF27FBE726F}.Release|Any CPU.Build.0 = Release|Any CPU
	EndGlobalSection
	GlobalSection(SolutionProperties) = preSolution
		HideSolutionNode = FALSE
	EndGlobalSection
	GlobalSection(ExtensibilityGlobals) = postSolution
		SolutionGuid = {615CDD4E-712D-4D09-8B6B-D1712DE0C0BF}
	EndGlobalSection
EndGlobal
